// !$*UTF8*$!
{
	archiveVersion = 1;
	classes = {
	};
	objectVersion = 56;
	objects = {

/* Begin PBXBuildFile section */
		FF440EC929B5C99B00F769A3 /* AppDelegate.swift in Sources */ = {isa = PBXBuildFile; fileRef = FF440EC829B5C99B00F769A3 /* AppDelegate.swift */; };
		FF440ECB29B5C99B00F769A3 /* SceneDelegate.swift in Sources */ = {isa = PBXBuildFile; fileRef = FF440ECA29B5C99B00F769A3 /* SceneDelegate.swift */; };
		FF440ECD29B5C99B00F769A3 /* ViewController.swift in Sources */ = {isa = PBXBuildFile; fileRef = FF440ECC29B5C99B00F769A3 /* ViewController.swift */; };
		FF440ED029B5C99B00F769A3 /* Main.storyboard in Resources */ = {isa = PBXBuildFile; fileRef = FF440ECE29B5C99B00F769A3 /* Main.storyboard */; };
		FF440ED229B5C99C00F769A3 /* Assets.xcassets in Resources */ = {isa = PBXBuildFile; fileRef = FF440ED129B5C99C00F769A3 /* Assets.xcassets */; };
		FF440ED529B5C99C00F769A3 /* LaunchScreen.storyboard in Resources */ = {isa = PBXBuildFile; fileRef = FF440ED329B5C99C00F769A3 /* LaunchScreen.storyboard */; };
		FF440EE029B5C99C00F769A3 /* PhotoFrameTests.swift in Sources */ = {isa = PBXBuildFile; fileRef = FF440EDF29B5C99C00F769A3 /* PhotoFrameTests.swift */; };
		FF440EEA29B5C99C00F769A3 /* PhotoFrameUITests.swift in Sources */ = {isa = PBXBuildFile; fileRef = FF440EE929B5C99C00F769A3 /* PhotoFrameUITests.swift */; };
		FF440EEC29B5C99C00F769A3 /* PhotoFrameUITestsLaunchTests.swift in Sources */ = {isa = PBXBuildFile; fileRef = FF440EEB29B5C99C00F769A3 /* PhotoFrameUITestsLaunchTests.swift */; };
		FF5889E129B9A68D00043B2B /* YellowViewController.swift in Sources */ = {isa = PBXBuildFile; fileRef = FF5889E029B9A68D00043B2B /* YellowViewController.swift */; };
		FF5889E329B9A7CE00043B2B /* BlueViewController.swift in Sources */ = {isa = PBXBuildFile; fileRef = FF5889E229B9A7CE00043B2B /* BlueViewController.swift */; };
/* End PBXBuildFile section */

/* Begin PBXContainerItemProxy section */
		FF440EDC29B5C99C00F769A3 /* PBXContainerItemProxy */ = {
			isa = PBXContainerItemProxy;
			containerPortal = FF440EBD29B5C99B00F769A3 /* Project object */;
			proxyType = 1;
			remoteGlobalIDString = FF440EC429B5C99B00F769A3;
			remoteInfo = PhotoFrame;
		};
		FF440EE629B5C99C00F769A3 /* PBXContainerItemProxy */ = {
			isa = PBXContainerItemProxy;
			containerPortal = FF440EBD29B5C99B00F769A3 /* Project object */;
			proxyType = 1;
			remoteGlobalIDString = FF440EC429B5C99B00F769A3;
			remoteInfo = PhotoFrame;
		};
/* End PBXContainerItemProxy section */

/* Begin PBXFileReference section */
		FF440EC529B5C99B00F769A3 /* PhotoFrame.app */ = {isa = PBXFileReference; explicitFileType = wrapper.application; includeInIndex = 0; path = PhotoFrame.app; sourceTree = BUILT_PRODUCTS_DIR; };
		FF440EC829B5C99B00F769A3 /* AppDelegate.swift */ = {isa = PBXFileReference; lastKnownFileType = sourcecode.swift; path = AppDelegate.swift; sourceTree = "<group>"; };
		FF440ECA29B5C99B00F769A3 /* SceneDelegate.swift */ = {isa = PBXFileReference; lastKnownFileType = sourcecode.swift; path = SceneDelegate.swift; sourceTree = "<group>"; };
		FF440ECC29B5C99B00F769A3 /* ViewController.swift */ = {isa = PBXFileReference; lastKnownFileType = sourcecode.swift; path = ViewController.swift; sourceTree = "<group>"; };
		FF440ECF29B5C99B00F769A3 /* Base */ = {isa = PBXFileReference; lastKnownFileType = file.storyboard; name = Base; path = Base.lproj/Main.storyboard; sourceTree = "<group>"; };
		FF440ED129B5C99C00F769A3 /* Assets.xcassets */ = {isa = PBXFileReference; lastKnownFileType = folder.assetcatalog; path = Assets.xcassets; sourceTree = "<group>"; };
		FF440ED429B5C99C00F769A3 /* Base */ = {isa = PBXFileReference; lastKnownFileType = file.storyboard; name = Base; path = Base.lproj/LaunchScreen.storyboard; sourceTree = "<group>"; };
		FF440ED629B5C99C00F769A3 /* Info.plist */ = {isa = PBXFileReference; lastKnownFileType = text.plist.xml; path = Info.plist; sourceTree = "<group>"; };
		FF440EDB29B5C99C00F769A3 /* PhotoFrameTests.xctest */ = {isa = PBXFileReference; explicitFileType = wrapper.cfbundle; includeInIndex = 0; path = PhotoFrameTests.xctest; sourceTree = BUILT_PRODUCTS_DIR; };
		FF440EDF29B5C99C00F769A3 /* PhotoFrameTests.swift */ = {isa = PBXFileReference; lastKnownFileType = sourcecode.swift; path = PhotoFrameTests.swift; sourceTree = "<group>"; };
		FF440EE529B5C99C00F769A3 /* PhotoFrameUITests.xctest */ = {isa = PBXFileReference; explicitFileType = wrapper.cfbundle; includeInIndex = 0; path = PhotoFrameUITests.xctest; sourceTree = BUILT_PRODUCTS_DIR; };
		FF440EE929B5C99C00F769A3 /* PhotoFrameUITests.swift */ = {isa = PBXFileReference; lastKnownFileType = sourcecode.swift; path = PhotoFrameUITests.swift; sourceTree = "<group>"; };
		FF440EEB29B5C99C00F769A3 /* PhotoFrameUITestsLaunchTests.swift */ = {isa = PBXFileReference; lastKnownFileType = sourcecode.swift; path = PhotoFrameUITestsLaunchTests.swift; sourceTree = "<group>"; };
		FF5889E029B9A68D00043B2B /* YellowViewController.swift */ = {isa = PBXFileReference; lastKnownFileType = sourcecode.swift; path = YellowViewController.swift; sourceTree = "<group>"; };
		FF5889E229B9A7CE00043B2B /* BlueViewController.swift */ = {isa = PBXFileReference; lastKnownFileType = sourcecode.swift; path = BlueViewController.swift; sourceTree = "<group>"; };
/* End PBXFileReference section */

/* Begin PBXFrameworksBuildPhase section */
		FF440EC229B5C99B00F769A3 /* Frameworks */ = {
			isa = PBXFrameworksBuildPhase;
			buildActionMask = 2147483647;
			files = (
			);
			runOnlyForDeploymentPostprocessing = 0;
		};
		FF440ED829B5C99C00F769A3 /* Frameworks */ = {
			isa = PBXFrameworksBuildPhase;
			buildActionMask = 2147483647;
			files = (
			);
			runOnlyForDeploymentPostprocessing = 0;
		};
		FF440EE229B5C99C00F769A3 /* Frameworks */ = {
			isa = PBXFrameworksBuildPhase;
			buildActionMask = 2147483647;
			files = (
			);
			runOnlyForDeploymentPostprocessing = 0;
		};
/* End PBXFrameworksBuildPhase section */

/* Begin PBXGroup section */
		FF440EBC29B5C99B00F769A3 = {
			isa = PBXGroup;
			children = (
				FF440EC729B5C99B00F769A3 /* PhotoFrame */,
				FF440EDE29B5C99C00F769A3 /* PhotoFrameTests */,
				FF440EE829B5C99C00F769A3 /* PhotoFrameUITests */,
				FF440EC629B5C99B00F769A3 /* Products */,
			);
			sourceTree = "<group>";
		};
		FF440EC629B5C99B00F769A3 /* Products */ = {
			isa = PBXGroup;
			children = (
				FF440EC529B5C99B00F769A3 /* PhotoFrame.app */,
				FF440EDB29B5C99C00F769A3 /* PhotoFrameTests.xctest */,
				FF440EE529B5C99C00F769A3 /* PhotoFrameUITests.xctest */,
			);
			name = Products;
			sourceTree = "<group>";
		};
		FF440EC729B5C99B00F769A3 /* PhotoFrame */ = {
			isa = PBXGroup;
			children = (
				FF440EC829B5C99B00F769A3 /* AppDelegate.swift */,
				FF440ECA29B5C99B00F769A3 /* SceneDelegate.swift */,
				FF440ECC29B5C99B00F769A3 /* ViewController.swift */,
				FF440ECE29B5C99B00F769A3 /* Main.storyboard */,
				FF5889E229B9A7CE00043B2B /* BlueViewController.swift */,
				FF5889E029B9A68D00043B2B /* YellowViewController.swift */,
				FF440ED129B5C99C00F769A3 /* Assets.xcassets */,
				FF440ED329B5C99C00F769A3 /* LaunchScreen.storyboard */,
				FF440ED629B5C99C00F769A3 /* Info.plist */,
			);
			path = PhotoFrame;
			sourceTree = "<group>";
		};
		FF440EDE29B5C99C00F769A3 /* PhotoFrameTests */ = {
			isa = PBXGroup;
			children = (
				FF440EDF29B5C99C00F769A3 /* PhotoFrameTests.swift */,
			);
			path = PhotoFrameTests;
			sourceTree = "<group>";
		};
		FF440EE829B5C99C00F769A3 /* PhotoFrameUITests */ = {
			isa = PBXGroup;
			children = (
				FF440EE929B5C99C00F769A3 /* PhotoFrameUITests.swift */,
				FF440EEB29B5C99C00F769A3 /* PhotoFrameUITestsLaunchTests.swift */,
			);
			path = PhotoFrameUITests;
			sourceTree = "<group>";
		};
/* End PBXGroup section */

/* Begin PBXNativeTarget section */
		FF440EC429B5C99B00F769A3 /* PhotoFrame */ = {
			isa = PBXNativeTarget;
			buildConfigurationList = FF440EEF29B5C99C00F769A3 /* Build configuration list for PBXNativeTarget "PhotoFrame" */;
			buildPhases = (
				FF440EC129B5C99B00F769A3 /* Sources */,
				FF440EC229B5C99B00F769A3 /* Frameworks */,
				FF440EC329B5C99B00F769A3 /* Resources */,
			);
			buildRules = (
			);
			dependencies = (
			);
			name = PhotoFrame;
			productName = PhotoFrame;
			productReference = FF440EC529B5C99B00F769A3 /* PhotoFrame.app */;
			productType = "com.apple.product-type.application";
		};
		FF440EDA29B5C99C00F769A3 /* PhotoFrameTests */ = {
			isa = PBXNativeTarget;
			buildConfigurationList = FF440EF229B5C99C00F769A3 /* Build configuration list for PBXNativeTarget "PhotoFrameTests" */;
			buildPhases = (
				FF440ED729B5C99C00F769A3 /* Sources */,
				FF440ED829B5C99C00F769A3 /* Frameworks */,
				FF440ED929B5C99C00F769A3 /* Resources */,
			);
			buildRules = (
			);
			dependencies = (
				FF440EDD29B5C99C00F769A3 /* PBXTargetDependency */,
			);
			name = PhotoFrameTests;
			productName = PhotoFrameTests;
			productReference = FF440EDB29B5C99C00F769A3 /* PhotoFrameTests.xctest */;
			productType = "com.apple.product-type.bundle.unit-test";
		};
		FF440EE429B5C99C00F769A3 /* PhotoFrameUITests */ = {
			isa = PBXNativeTarget;
			buildConfigurationList = FF440EF529B5C99C00F769A3 /* Build configuration list for PBXNativeTarget "PhotoFrameUITests" */;
			buildPhases = (
				FF440EE129B5C99C00F769A3 /* Sources */,
				FF440EE229B5C99C00F769A3 /* Frameworks */,
				FF440EE329B5C99C00F769A3 /* Resources */,
			);
			buildRules = (
			);
			dependencies = (
				FF440EE729B5C99C00F769A3 /* PBXTargetDependency */,
			);
			name = PhotoFrameUITests;
			productName = PhotoFrameUITests;
			productReference = FF440EE529B5C99C00F769A3 /* PhotoFrameUITests.xctest */;
			productType = "com.apple.product-type.bundle.ui-testing";
		};
/* End PBXNativeTarget section */

/* Begin PBXProject section */
		FF440EBD29B5C99B00F769A3 /* Project object */ = {
			isa = PBXProject;
			attributes = {
				BuildIndependentTargetsInParallel = 1;
				LastSwiftUpdateCheck = 1420;
				LastUpgradeCheck = 1420;
				TargetAttributes = {
					FF440EC429B5C99B00F769A3 = {
						CreatedOnToolsVersion = 14.2;
					};
					FF440EDA29B5C99C00F769A3 = {
						CreatedOnToolsVersion = 14.2;
						TestTargetID = FF440EC429B5C99B00F769A3;
					};
					FF440EE429B5C99C00F769A3 = {
						CreatedOnToolsVersion = 14.2;
						TestTargetID = FF440EC429B5C99B00F769A3;
					};
				};
			};
			buildConfigurationList = FF440EC029B5C99B00F769A3 /* Build configuration list for PBXProject "PhotoFrame" */;
			compatibilityVersion = "Xcode 14.0";
			developmentRegion = en;
			hasScannedForEncodings = 0;
			knownRegions = (
				en,
				Base,
			);
			mainGroup = FF440EBC29B5C99B00F769A3;
			productRefGroup = FF440EC629B5C99B00F769A3 /* Products */;
			projectDirPath = "";
			projectRoot = "";
			targets = (
				FF440EC429B5C99B00F769A3 /* PhotoFrame */,
				FF440EDA29B5C99C00F769A3 /* PhotoFrameTests */,
				FF440EE429B5C99C00F769A3 /* PhotoFrameUITests */,
			);
		};
/* End PBXProject section */

/* Begin PBXResourcesBuildPhase section */
		FF440EC329B5C99B00F769A3 /* Resources */ = {
			isa = PBXResourcesBuildPhase;
			buildActionMask = 2147483647;
			files = (
				FF440ED529B5C99C00F769A3 /* LaunchScreen.storyboard in Resources */,
				FF440ED229B5C99C00F769A3 /* Assets.xcassets in Resources */,
				FF440ED029B5C99B00F769A3 /* Main.storyboard in Resources */,
			);
			runOnlyForDeploymentPostprocessing = 0;
		};
		FF440ED929B5C99C00F769A3 /* Resources */ = {
			isa = PBXResourcesBuildPhase;
			buildActionMask = 2147483647;
			files = (
			);
			runOnlyForDeploymentPostprocessing = 0;
		};
		FF440EE329B5C99C00F769A3 /* Resources */ = {
			isa = PBXResourcesBuildPhase;
			buildActionMask = 2147483647;
			files = (
			);
			runOnlyForDeploymentPostprocessing = 0;
		};
/* End PBXResourcesBuildPhase section */

/* Begin PBXSourcesBuildPhase section */
		FF440EC129B5C99B00F769A3 /* Sources */ = {
			isa = PBXSourcesBuildPhase;
			buildActionMask = 2147483647;
			files = (
				FF5889E129B9A68D00043B2B /* YellowViewController.swift in Sources */,
				FF440ECD29B5C99B00F769A3 /* ViewController.swift in Sources */,
				FF440EC929B5C99B00F769A3 /* AppDelegate.swift in Sources */,
				FF5889E329B9A7CE00043B2B /* BlueViewController.swift in Sources */,
				FF440ECB29B5C99B00F769A3 /* SceneDelegate.swift in Sources */,
			);
			runOnlyForDeploymentPostprocessing = 0;
		};
		FF440ED729B5C99C00F769A3 /* Sources */ = {
			isa = PBXSourcesBuildPhase;
			buildActionMask = 2147483647;
			files = (
				FF440EE029B5C99C00F769A3 /* PhotoFrameTests.swift in Sources */,
			);
			runOnlyForDeploymentPostprocessing = 0;
		};
		FF440EE129B5C99C00F769A3 /* Sources */ = {
			isa = PBXSourcesBuildPhase;
			buildActionMask = 2147483647;
			files = (
				FF440EEA29B5C99C00F769A3 /* PhotoFrameUITests.swift in Sources */,
				FF440EEC29B5C99C00F769A3 /* PhotoFrameUITestsLaunchTests.swift in Sources */,
			);
			runOnlyForDeploymentPostprocessing = 0;
		};
/* End PBXSourcesBuildPhase section */

/* Begin PBXTargetDependency section */
		FF440EDD29B5C99C00F769A3 /* PBXTargetDependency */ = {
			isa = PBXTargetDependency;
			target = FF440EC429B5C99B00F769A3 /* PhotoFrame */;
			targetProxy = FF440EDC29B5C99C00F769A3 /* PBXContainerItemProxy */;
		};
		FF440EE729B5C99C00F769A3 /* PBXTargetDependency */ = {
			isa = PBXTargetDependency;
			target = FF440EC429B5C99B00F769A3 /* PhotoFrame */;
			targetProxy = FF440EE629B5C99C00F769A3 /* PBXContainerItemProxy */;
		};
/* End PBXTargetDependency section */

/* Begin PBXVariantGroup section */
		FF440ECE29B5C99B00F769A3 /* Main.storyboard */ = {
			isa = PBXVariantGroup;
			children = (
				FF440ECF29B5C99B00F769A3 /* Base */,
			);
			name = Main.storyboard;
			sourceTree = "<group>";
		};
		FF440ED329B5C99C00F769A3 /* LaunchScreen.storyboard */ = {
			isa = PBXVariantGroup;
			children = (
				FF440ED429B5C99C00F769A3 /* Base */,
			);
			name = LaunchScreen.storyboard;
			sourceTree = "<group>";
		};
/* End PBXVariantGroup section */

/* Begin XCBuildConfiguration section */
		FF440EED29B5C99C00F769A3 /* Debug */ = {
			isa = XCBuildConfiguration;
			buildSettings = {
				ALWAYS_SEARCH_USER_PATHS = NO;
				CLANG_ANALYZER_NONNULL = YES;
				CLANG_ANALYZER_NUMBER_OBJECT_CONVERSION = YES_AGGRESSIVE;
				CLANG_CXX_LANGUAGE_STANDARD = "gnu++20";
				CLANG_ENABLE_MODULES = YES;
				CLANG_ENABLE_OBJC_ARC = YES;
				CLANG_ENABLE_OBJC_WEAK = YES;
				CLANG_WARN_BLOCK_CAPTURE_AUTORELEASING = YES;
				CLANG_WARN_BOOL_CONVERSION = YES;
				CLANG_WARN_COMMA = YES;
				CLANG_WARN_CONSTANT_CONVERSION = YES;
				CLANG_WARN_DEPRECATED_OBJC_IMPLEMENTATIONS = YES;
				CLANG_WARN_DIRECT_OBJC_ISA_USAGE = YES_ERROR;
				CLANG_WARN_DOCUMENTATION_COMMENTS = YES;
				CLANG_WARN_EMPTY_BODY = YES;
				CLANG_WARN_ENUM_CONVERSION = YES;
				CLANG_WARN_INFINITE_RECURSION = YES;
				CLANG_WARN_INT_CONVERSION = YES;
				CLANG_WARN_NON_LITERAL_NULL_CONVERSION = YES;
				CLANG_WARN_OBJC_IMPLICIT_RETAIN_SELF = YES;
				CLANG_WARN_OBJC_LITERAL_CONVERSION = YES;
				CLANG_WARN_OBJC_ROOT_CLASS = YES_ERROR;
				CLANG_WARN_QUOTED_INCLUDE_IN_FRAMEWORK_HEADER = YES;
				CLANG_WARN_RANGE_LOOP_ANALYSIS = YES;
				CLANG_WARN_STRICT_PROTOTYPES = YES;
				CLANG_WARN_SUSPICIOUS_MOVE = YES;
				CLANG_WARN_UNGUARDED_AVAILABILITY = YES_AGGRESSIVE;
				CLANG_WARN_UNREACHABLE_CODE = YES;
				CLANG_WARN__DUPLICATE_METHOD_MATCH = YES;
				COPY_PHASE_STRIP = NO;
				DEBUG_INFORMATION_FORMAT = dwarf;
				ENABLE_STRICT_OBJC_MSGSEND = YES;
				ENABLE_TESTABILITY = YES;
				GCC_C_LANGUAGE_STANDARD = gnu11;
				GCC_DYNAMIC_NO_PIC = NO;
				GCC_NO_COMMON_BLOCKS = YES;
				GCC_OPTIMIZATION_LEVEL = 0;
				GCC_PREPROCESSOR_DEFINITIONS = (
					"DEBUG=1",
					"$(inherited)",
				);
				GCC_WARN_64_TO_32_BIT_CONVERSION = YES;
				GCC_WARN_ABOUT_RETURN_TYPE = YES_ERROR;
				GCC_WARN_UNDECLARED_SELECTOR = YES;
				GCC_WARN_UNINITIALIZED_AUTOS = YES_AGGRESSIVE;
				GCC_WARN_UNUSED_FUNCTION = YES;
				GCC_WARN_UNUSED_VARIABLE = YES;
				IPHONEOS_DEPLOYMENT_TARGET = 16.2;
				MTL_ENABLE_DEBUG_INFO = INCLUDE_SOURCE;
				MTL_FAST_MATH = YES;
				ONLY_ACTIVE_ARCH = YES;
				SDKROOT = iphoneos;
				SWIFT_ACTIVE_COMPILATION_CONDITIONS = DEBUG;
				SWIFT_OPTIMIZATION_LEVEL = "-Onone";
			};
			name = Debug;
		};
		FF440EEE29B5C99C00F769A3 /* Release */ = {
			isa = XCBuildConfiguration;
			buildSettings = {
				ALWAYS_SEARCH_USER_PATHS = NO;
				CLANG_ANALYZER_NONNULL = YES;
				CLANG_ANALYZER_NUMBER_OBJECT_CONVERSION = YES_AGGRESSIVE;
				CLANG_CXX_LANGUAGE_STANDARD = "gnu++20";
				CLANG_ENABLE_MODULES = YES;
				CLANG_ENABLE_OBJC_ARC = YES;
				CLANG_ENABLE_OBJC_WEAK = YES;
				CLANG_WARN_BLOCK_CAPTURE_AUTORELEASING = YES;
				CLANG_WARN_BOOL_CONVERSION = YES;
				CLANG_WARN_COMMA = YES;
				CLANG_WARN_CONSTANT_CONVERSION = YES;
				CLANG_WARN_DEPRECATED_OBJC_IMPLEMENTATIONS = YES;
				CLANG_WARN_DIRECT_OBJC_ISA_USAGE = YES_ERROR;
				CLANG_WARN_DOCUMENTATION_COMMENTS = YES;
				CLANG_WARN_EMPTY_BODY = YES;
				CLANG_WARN_ENUM_CONVERSION = YES;
				CLANG_WARN_INFINITE_RECURSION = YES;
				CLANG_WARN_INT_CONVERSION = YES;
				CLANG_WARN_NON_LITERAL_NULL_CONVERSION = YES;
				CLANG_WARN_OBJC_IMPLICIT_RETAIN_SELF = YES;
				CLANG_WARN_OBJC_LITERAL_CONVERSION = YES;
				CLANG_WARN_OBJC_ROOT_CLASS = YES_ERROR;
				CLANG_WARN_QUOTED_INCLUDE_IN_FRAMEWORK_HEADER = YES;
				CLANG_WARN_RANGE_LOOP_ANALYSIS = YES;
				CLANG_WARN_STRICT_PROTOTYPES = YES;
				CLANG_WARN_SUSPICIOUS_MOVE = YES;
				CLANG_WARN_UNGUARDED_AVAILABILITY = YES_AGGRESSIVE;
				CLANG_WARN_UNREACHABLE_CODE = YES;
				CLANG_WARN__DUPLICATE_METHOD_MATCH = YES;
				COPY_PHASE_STRIP = NO;
				DEBUG_INFORMATION_FORMAT = "dwarf-with-dsym";
				ENABLE_NS_ASSERTIONS = NO;
				ENABLE_STRICT_OBJC_MSGSEND = YES;
				GCC_C_LANGUAGE_STANDARD = gnu11;
				GCC_NO_COMMON_BLOCKS = YES;
				GCC_WARN_64_TO_32_BIT_CONVERSION = YES;
				GCC_WARN_ABOUT_RETURN_TYPE = YES_ERROR;
				GCC_WARN_UNDECLARED_SELECTOR = YES;
				GCC_WARN_UNINITIALIZED_AUTOS = YES_AGGRESSIVE;
				GCC_WARN_UNUSED_FUNCTION = YES;
				GCC_WARN_UNUSED_VARIABLE = YES;
				IPHONEOS_DEPLOYMENT_TARGET = 16.2;
				MTL_ENABLE_DEBUG_INFO = NO;
				MTL_FAST_MATH = YES;
				SDKROOT = iphoneos;
				SWIFT_COMPILATION_MODE = wholemodule;
				SWIFT_OPTIMIZATION_LEVEL = "-O";
				VALIDATE_PRODUCT = YES;
			};
			name = Release;
		};
		FF440EF029B5C99C00F769A3 /* Debug */ = {
			isa = XCBuildConfiguration;
			buildSettings = {
				ASSETCATALOG_COMPILER_APPICON_NAME = AppIcon;
				ASSETCATALOG_COMPILER_GLOBAL_ACCENT_COLOR_NAME = AccentColor;
				CODE_SIGN_STYLE = Automatic;
				CURRENT_PROJECT_VERSION = 1;
				GENERATE_INFOPLIST_FILE = YES;
				INFOPLIST_FILE = PhotoFrame/Info.plist;
				INFOPLIST_KEY_UIApplicationSupportsIndirectInputEvents = YES;
				INFOPLIST_KEY_UILaunchStoryboardName = LaunchScreen;
				INFOPLIST_KEY_UIMainStoryboardFile = Main;
				INFOPLIST_KEY_UISupportedInterfaceOrientations_iPad = "UIInterfaceOrientationPortrait UIInterfaceOrientationPortraitUpsideDown UIInterfaceOrientationLandscapeLeft UIInterfaceOrientationLandscapeRight";
				INFOPLIST_KEY_UISupportedInterfaceOrientations_iPhone = "UIInterfaceOrientationPortrait UIInterfaceOrientationLandscapeLeft UIInterfaceOrientationLandscapeRight";
				LD_RUNPATH_SEARCH_PATHS = (
					"$(inherited)",
					"@executable_path/Frameworks",
				);
				MARKETING_VERSION = 1.0;
				PRODUCT_BUNDLE_IDENTIFIER = Sol.PhotoFrame;
				PRODUCT_NAME = "$(TARGET_NAME)";
				SWIFT_EMIT_LOC_STRINGS = YES;
				SWIFT_VERSION = 5.0;
				TARGETED_DEVICE_FAMILY = "1,2";
			};
			name = Debug;
		};
		FF440EF129B5C99C00F769A3 /* Release */ = {
			isa = XCBuildConfiguration;
			buildSettings = {
				ASSETCATALOG_COMPILER_APPICON_NAME = AppIcon;
				ASSETCATALOG_COMPILER_GLOBAL_ACCENT_COLOR_NAME = AccentColor;
				CODE_SIGN_STYLE = Automatic;
				CURRENT_PROJECT_VERSION = 1;
				GENERATE_INFOPLIST_FILE = YES;
				INFOPLIST_FILE = PhotoFrame/Info.plist;
				INFOPLIST_KEY_UIApplicationSupportsIndirectInputEvents = YES;
				INFOPLIST_KEY_UILaunchStoryboardName = LaunchScreen;
				INFOPLIST_KEY_UIMainStoryboardFile = Main;
				INFOPLIST_KEY_UISupportedInterfaceOrientations_iPad = "UIInterfaceOrientationPortrait UIInterfaceOrientationPortraitUpsideDown UIInterfaceOrientationLandscapeLeft UIInterfaceOrientationLandscapeRight";
				INFOPLIST_KEY_UISupportedInterfaceOrientations_iPhone = "UIInterfaceOrientationPortrait UIInterfaceOrientationLandscapeLeft UIInterfaceOrientationLandscapeRight";
				LD_RUNPATH_SEARCH_PATHS = (
					"$(inherited)",
					"@executable_path/Frameworks",
				);
				MARKETING_VERSION = 1.0;
				PRODUCT_BUNDLE_IDENTIFIER = Sol.PhotoFrame;
				PRODUCT_NAME = "$(TARGET_NAME)";
				SWIFT_EMIT_LOC_STRINGS = YES;
				SWIFT_VERSION = 5.0;
				TARGETED_DEVICE_FAMILY = "1,2";
			};
			name = Release;
		};
		FF440EF329B5C99C00F769A3 /* Debug */ = {
			isa = XCBuildConfiguration;
			buildSettings = {
				ALWAYS_EMBED_SWIFT_STANDARD_LIBRARIES = YES;
				BUNDLE_LOADER = "$(TEST_HOST)";
				CODE_SIGN_STYLE = Automatic;
				CURRENT_PROJECT_VERSION = 1;
				GENERATE_INFOPLIST_FILE = YES;
				IPHONEOS_DEPLOYMENT_TARGET = 16.2;
				MARKETING_VERSION = 1.0;
				PRODUCT_BUNDLE_IDENTIFIER = Sol.PhotoFrameTests;
				PRODUCT_NAME = "$(TARGET_NAME)";
				SWIFT_EMIT_LOC_STRINGS = NO;
				SWIFT_VERSION = 5.0;
				TARGETED_DEVICE_FAMILY = "1,2";
				TEST_HOST = "$(BUILT_PRODUCTS_DIR)/PhotoFrame.app/$(BUNDLE_EXECUTABLE_FOLDER_PATH)/PhotoFrame";
			};
			name = Debug;
		};
		FF440EF429B5C99C00F769A3 /* Release */ = {
			isa = XCBuildConfiguration;
			buildSettings = {
				ALWAYS_EMBED_SWIFT_STANDARD_LIBRARIES = YES;
				BUNDLE_LOADER = "$(TEST_HOST)";
				CODE_SIGN_STYLE = Automatic;
				CURRENT_PROJECT_VERSION = 1;
				GENERATE_INFOPLIST_FILE = YES;
				IPHONEOS_DEPLOYMENT_TARGET = 16.2;
				MARKETING_VERSION = 1.0;
				PRODUCT_BUNDLE_IDENTIFIER = Sol.PhotoFrameTests;
				PRODUCT_NAME = "$(TARGET_NAME)";
				SWIFT_EMIT_LOC_STRINGS = NO;
				SWIFT_VERSION = 5.0;
				TARGETED_DEVICE_FAMILY = "1,2";
				TEST_HOST = "$(BUILT_PRODUCTS_DIR)/PhotoFrame.app/$(BUNDLE_EXECUTABLE_FOLDER_PATH)/PhotoFrame";
			};
			name = Release;
		};
		FF440EF629B5C99C00F769A3 /* Debug */ = {
			isa = XCBuildConfiguration;
			buildSettings = {
				ALWAYS_EMBED_SWIFT_STANDARD_LIBRARIES = YES;
				CODE_SIGN_STYLE = Automatic;
				CURRENT_PROJECT_VERSION = 1;
				GENERATE_INFOPLIST_FILE = YES;
				MARKETING_VERSION = 1.0;
				PRODUCT_BUNDLE_IDENTIFIER = Sol.PhotoFrameUITests;
				PRODUCT_NAME = "$(TARGET_NAME)";
				SWIFT_EMIT_LOC_STRINGS = NO;
				SWIFT_VERSION = 5.0;
				TARGETED_DEVICE_FAMILY = "1,2";
				TEST_TARGET_NAME = PhotoFrame;
			};
			name = Debug;
		};
		FF440EF729B5C99C00F769A3 /* Release */ = {
			isa = XCBuildConfiguration;
			buildSettings = {
				ALWAYS_EMBED_SWIFT_STANDARD_LIBRARIES = YES;
				CODE_SIGN_STYLE = Automatic;
				CURRENT_PROJECT_VERSION = 1;
				GENERATE_INFOPLIST_FILE = YES;
				MARKETING_VERSION = 1.0;
				PRODUCT_BUNDLE_IDENTIFIER = Sol.PhotoFrameUITests;
				PRODUCT_NAME = "$(TARGET_NAME)";
				SWIFT_EMIT_LOC_STRINGS = NO;
				SWIFT_VERSION = 5.0;
				TARGETED_DEVICE_FAMILY = "1,2";
				TEST_TARGET_NAME = PhotoFrame;
			};
			name = Release;
		};
/* End XCBuildConfiguration section */

/* Begin XCConfigurationList section */
		FF440EC029B5C99B00F769A3 /* Build configuration list for PBXProject "PhotoFrame" */ = {
			isa = XCConfigurationList;
			buildConfigurations = (
				FF440EED29B5C99C00F769A3 /* Debug */,
				FF440EEE29B5C99C00F769A3 /* Release */,
			);
			defaultConfigurationIsVisible = 0;
			defaultConfigurationName = Release;
		};
		FF440EEF29B5C99C00F769A3 /* Build configuration list for PBXNativeTarget "PhotoFrame" */ = {
			isa = XCConfigurationList;
			buildConfigurations = (
				FF440EF029B5C99C00F769A3 /* Debug */,
				FF440EF129B5C99C00F769A3 /* Release */,
			);
			defaultConfigurationIsVisible = 0;
			defaultConfigurationName = Release;
		};
		FF440EF229B5C99C00F769A3 /* Build configuration list for PBXNativeTarget "PhotoFrameTests" */ = {
			isa = XCConfigurationList;
			buildConfigurations = (
				FF440EF329B5C99C00F769A3 /* Debug */,
				FF440EF429B5C99C00F769A3 /* Release */,
			);
			defaultConfigurationIsVisible = 0;
			defaultConfigurationName = Release;
		};
		FF440EF529B5C99C00F769A3 /* Build configuration list for PBXNativeTarget "PhotoFrameUITests" */ = {
			isa = XCConfigurationList;
			buildConfigurations = (
				FF440EF629B5C99C00F769A3 /* Debug */,
				FF440EF729B5C99C00F769A3 /* Release */,
			);
			defaultConfigurationIsVisible = 0;
			defaultConfigurationName = Release;
		};
/* End XCConfigurationList section */
	};
	rootObject = FF440EBD29B5C99B00F769A3 /* Project object */;
}
